
Microsoft Visual Studio Solution File, Format Version 12.00
# Visual Studio 15
VisualStudioVersion = 15.0.27130.2010
MinimumVisualStudioVersion = 10.0.40219.1
Project("{FAE04EC0-301F-11D3-BF4B-00C04F79EFBC}") = "LibgenDesktop", "LibgenDesktop\LibgenDesktop.csproj", "{7158E1EB-44F7-4C26-BF9A-DA055F85D0BB}"
EndProject
Project("{FAE04EC0-301F-11D3-BF4B-00C04F79EFBC}") = "LibgenDesktop.Setup", "LibgenDesktop.Setup\LibgenDesktop.Setup.csproj", "{44555887-C439-470C-944D-8866EC3D7067}"
EndProject
Global
	GlobalSection(SolutionConfigurationPlatforms) = preSolution
		Debug x64|Any CPU = Debug x64|Any CPU
		Debug x86|Any CPU = Debug x86|Any CPU
		Release|Any CPU = Release|Any CPU
	EndGlobalSection
	GlobalSection(ProjectConfigurationPlatforms) = postSolution
		{7158E1EB-44F7-4C26-BF9A-DA055F85D0BB}.Debug x64|Any CPU.ActiveCfg = Debug x64|Any CPU
		{7158E1EB-44F7-4C26-BF9A-DA055F85D0BB}.Debug x64|Any CPU.Build.0 = Debug x64|Any CPU
		{7158E1EB-44F7-4C26-BF9A-DA055F85D0BB}.Debug x86|Any CPU.ActiveCfg = Debug x86|Any CPU
		{7158E1EB-44F7-4C26-BF9A-DA055F85D0BB}.Debug x86|Any CPU.Build.0 = Debug x86|Any CPU
		{7158E1EB-44F7-4C26-BF9A-DA055F85D0BB}.Release|Any CPU.ActiveCfg = Release|Any CPU
		{7158E1EB-44F7-4C26-BF9A-DA055F85D0BB}.Release|Any CPU.Build.0 = Release|Any CPU
		{44555887-C439-470C-944D-8866EC3D7067}.Debug x64|Any CPU.ActiveCfg = Debug x64|Any CPU
		{44555887-C439-470C-944D-8866EC3D7067}.Debug x86|Any CPU.ActiveCfg = Debug x86|Any CPU
		{44555887-C439-470C-944D-8866EC3D7067}.Release|Any CPU.ActiveCfg = Release|Any CPU
		{44555887-C439-470C-944D-8866EC3D7067}.Release|Any CPU.Build.0 = Release|Any CPU
	EndGlobalSection
	GlobalSection(SolutionProperties) = preSolution
		HideSolutionNode = FALSE
	EndGlobalSection
	GlobalSection(ExtensibilityGlobals) = postSolution
		SolutionGuid = {1CB75FAD-8C25-4486-BEFB-DF4CA961ACD6}
	EndGlobalSection
EndGlobal
